
Microsoft Visual Studio Solution File, Format Version 12.00
# Visual Studio 15
VisualStudioVersion = 15.0.27130.2024
MinimumVisualStudioVersion = 10.0.40219.1
Project("{FAE04EC0-301F-11D3-BF4B-00C04F79EFBC}") = "Eq5", "Eq5\Eq5.csproj", "{845B199E-0F11-4CE8-94E1-62AC601B18C3}"
EndProject
Global
	GlobalSection(SolutionConfigurationPlatforms) = preSolution
		Debug|Any CPU = Debug|Any CPU
		Release|Any CPU = Release|Any CPU
	EndGlobalSection
	GlobalSection(ProjectConfigurationPlatforms) = postSolution
		{845B199E-0F11-4CE8-94E1-62AC601B18C3}.Debug|Any CPU.ActiveCfg = Debug|Any CPU
		{845B199E-0F11-4CE8-94E1-62AC601B18C3}.Debug|Any CPU.Build.0 = Debug|Any CPU
		{845B199E-0F11-4CE8-94E1-62AC601B18C3}.Release|Any CPU.ActiveCfg = Release|Any CPU
		{845B199E-0F11-4CE8-94E1-62AC601B18C3}.Release|Any CPU.Build.0 = Release|Any CPU
	EndGlobalSection
	GlobalSection(SolutionProperties) = preSolution
		HideSolutionNode = FALSE
	EndGlobalSection
	GlobalSection(ExtensibilityGlobals) = postSolution
		SolutionGuid = {6839602D-86FE-4740-B6D8-12CD4236868F}
	EndGlobalSection
EndGlobal
